{
  "version": "5",
  "specifiers": {
    "jsr:@ayk/lint-import-order@*": "0.1.0"
  },
  "jsr": {
    "@ayk/lint-import-order@0.1.0": {
      "integrity": "be312f8269525055394118ac89d5a12dbb0bdc4a94d0ced4994b1823cc41c393"
    }
  },
  "workspace": {
    "dependencies": [
      "jsr:@std/testing@*"
    ]
  }
}
